<?xml version="1.0"?>
<Project ToolsVersion="4.0" xmlns="http://schemas.microsoft.com/developer/msbuild/2003">
	<ItemGroup>
		<ClCompile Include="src\ofApp.cpp">
			<Filter>src</Filter>
		</ClCompile>
		<ClCompile Include="src\main.cpp">
			<Filter>src</Filter>
		</ClCompile>
		<ClCompile Include="src\Projectile.cpp">
			<Filter>src</Filter>
		</ClCompile>
		<ClCompile Include="src\Rock.cpp">
			<Filter>src</Filter>
		</ClCompile>
		<ClCompile Include="src\main.cpp">
			<Filter>src</Filter>
		</ClCompile>
		<ClCompile Include="src\ofApp.cpp">
			<Filter>src</Filter>
		</ClCompile>
		<ClCompile Include="..\..\..\addons\ofxImGui\src\BaseEngine.cpp">
			<Filter>addons\ofxImGui\src</Filter>
		</ClCompile>
		<ClCompile Include="..\..\..\addons\ofxImGui\src\DefaultTheme.cpp">
			<Filter>addons\ofxImGui\src</Filter>
		</ClCompile>
		<ClCompile Include="..\..\..\addons\ofxImGui\src\EngineGLFW.cpp">
			<Filter>addons\ofxImGui\src</Filter>
		</ClCompile>
		<ClCompile Include="..\..\..\addons\ofxImGui\src\EngineOpenFrameworks.cpp">
			<Filter>addons\ofxImGui\src</Filter>
		</ClCompile>
		<ClCompile Include="..\..\..\addons\ofxImGui\src\EngineOpenGLES.cpp">
			<Filter>addons\ofxImGui\src</Filter>
		</ClCompile>
		<ClCompile Include="..\..\..\addons\ofxImGui\src\Gui.cpp">
			<Filter>addons\ofxImGui\src</Filter>
		</ClCompile>
		<ClCompile Include="..\..\..\addons\ofxImGui\src\ImHelpers.cpp">
			<Filter>addons\ofxImGui\src</Filter>
		</ClCompile>
		<ClCompile Include="..\..\..\addons\ofxImGui\src\ofxImGuiLoggerChannel.cpp">
			<Filter>addons\ofxImGui\src</Filter>
		</ClCompile>
		<ClCompile Include="..\..\..\addons\ofxImGui\libs\imgui\backends\imgui_impl_glfw.cpp">
			<Filter>addons\ofxImGui\libs\imgui\backends</Filter>
		</ClCompile>
		<ClCompile Include="..\..\..\addons\ofxImGui\libs\imgui\backends\imgui_impl_glfw_context_support.cpp">
			<Filter>addons\ofxImGui\libs\imgui\backends</Filter>
		</ClCompile>
		<ClCompile Include="..\..\..\addons\ofxImGui\libs\imgui\backends\imgui_impl_opengl2.cpp">
			<Filter>addons\ofxImGui\libs\imgui\backends</Filter>
		</ClCompile>
		<ClCompile Include="..\..\..\addons\ofxImGui\libs\imgui\backends\imgui_impl_opengl3.cpp">
			<Filter>addons\ofxImGui\libs\imgui\backends</Filter>
		</ClCompile>
		<ClCompile Include="..\..\..\addons\ofxImGui\libs\imgui\extras\imgui_stdlib.cpp">
			<Filter>addons\ofxImGui\libs\imgui\extras</Filter>
		</ClCompile>
		<ClCompile Include="..\..\..\addons\ofxImGui\libs\imgui\src\imgui.cpp">
			<Filter>addons\ofxImGui\libs\imgui\src</Filter>
		</ClCompile>
		<ClCompile Include="..\..\..\addons\ofxImGui\libs\imgui\src\imgui_demo.cpp">
			<Filter>addons\ofxImGui\libs\imgui\src</Filter>
		</ClCompile>
		<ClCompile Include="..\..\..\addons\ofxImGui\libs\imgui\src\imgui_draw.cpp">
			<Filter>addons\ofxImGui\libs\imgui\src</Filter>
		</ClCompile>
		<ClCompile Include="..\..\..\addons\ofxImGui\libs\imgui\src\imgui_tables.cpp">
			<Filter>addons\ofxImGui\libs\imgui\src</Filter>
		</ClCompile>
		<ClCompile Include="..\..\..\addons\ofxImGui\libs\imgui\src\imgui_widgets.cpp">
			<Filter>addons\ofxImGui\libs\imgui\src</Filter>
		</ClCompile>
	</ItemGroup>
	<ItemGroup>
		<Filter Include="src">
			<UniqueIdentifier>{d8376475-7454-4a24-b08a-aac121d3ad6f}</UniqueIdentifier>
		</Filter>
		<Filter Include="addons">
			<UniqueIdentifier>{398CE838--6DC-D-4C-8D-8-17A-19CC9F2537FC}</UniqueIdentifier>
		</Filter>
		<Filter Include="addons\ofxImGui">
			<UniqueIdentifier>{EAFF5C5F--B7B-6-4A-77-A-3EE-B9934C9FF5D1}</UniqueIdentifier>
		</Filter>
		<Filter Include="addons\ofxImGui\src">
			<UniqueIdentifier>{1472D2F1--4A7-0-4D-91-B-4B5-96F1E14008D8}</UniqueIdentifier>
		</Filter>
		<Filter Include="addons\ofxImGui\libs">
			<UniqueIdentifier>{B360A8F6--35A-5-4B-E5-9-417-A26E505A5F21}</UniqueIdentifier>
		</Filter>
		<Filter Include="addons\ofxImGui\libs\imgui">
			<UniqueIdentifier>{3637D9DD--94E-2-42-49-8-4BF-53F515A55370}</UniqueIdentifier>
		</Filter>
		<Filter Include="addons\ofxImGui\libs\imgui\backends">
			<UniqueIdentifier>{29A3A1FA--1B3-2-45-1C-9-A3C-3E8AD08A2A9B}</UniqueIdentifier>
		</Filter>
		<Filter Include="addons\ofxImGui\libs\imgui\extras">
			<UniqueIdentifier>{30BBE714--4CF-1-40-DC-9-B7C-D07E8690D94C}</UniqueIdentifier>
		</Filter>
		<Filter Include="addons\ofxImGui\libs\imgui\src">
			<UniqueIdentifier>{DA2E2276--98C-5-48-4B-8-B2C-BB20636F1698}</UniqueIdentifier>
		</Filter>
	</ItemGroup>
	<ItemGroup>
		<ClInclude Include="src\ofApp.h">
			<Filter>src</Filter>
		</ClInclude>
		<ClInclude Include="src\Config.h">
			<Filter>src</Filter>
		</ClInclude>
		<ClInclude Include="src\Projectile.h">
			<Filter>src</Filter>
		</ClInclude>
		<ClInclude Include="src\Rock.h">
			<Filter>src</Filter>
		</ClInclude>
		<ClInclude Include="src\ofApp.h">
			<Filter>src</Filter>
		</ClInclude>
		<ClInclude Include="..\..\..\addons\ofxImGui\src\BaseEngine.h">
			<Filter>addons\ofxImGui\src</Filter>
		</ClInclude>
		<ClInclude Include="..\..\..\addons\ofxImGui\src\BaseTheme.h">
			<Filter>addons\ofxImGui\src</Filter>
		</ClInclude>
		<ClInclude Include="..\..\..\addons\ofxImGui\src\DefaultTheme.h">
			<Filter>addons\ofxImGui\src</Filter>
		</ClInclude>
		<ClInclude Include="..\..\..\addons\ofxImGui\src\EngineGLFW.h">
			<Filter>addons\ofxImGui\src</Filter>
		</ClInclude>
		<ClInclude Include="..\..\..\addons\ofxImGui\src\EngineOpenFrameworks.h">
			<Filter>addons\ofxImGui\src</Filter>
		</ClInclude>
		<ClInclude Include="..\..\..\addons\ofxImGui\src\EngineOpenGLES.h">
			<Filter>addons\ofxImGui\src</Filter>
		</ClInclude>
		<ClInclude Include="..\..\..\addons\ofxImGui\src\EngineVk.h">
			<Filter>addons\ofxImGui\src</Filter>
		</ClInclude>
		<ClInclude Include="..\..\..\addons\ofxImGui\src\gles1CompatibilityHacks.h">
			<Filter>addons\ofxImGui\src</Filter>
		</ClInclude>
		<ClInclude Include="..\..\..\addons\ofxImGui\src\glfwCompatibilityHacks.h">
			<Filter>addons\ofxImGui\src</Filter>
		</ClInclude>
		<ClInclude Include="..\..\..\addons\ofxImGui\src\Gui.h">
			<Filter>addons\ofxImGui\src</Filter>
		</ClInclude>
		<ClInclude Include="..\..\..\addons\ofxImGui\src\imconfig.h">
			<Filter>addons\ofxImGui\src</Filter>
		</ClInclude>
		<ClInclude Include="..\..\..\addons\ofxImGui\src\ImHelpers.h">
			<Filter>addons\ofxImGui\src</Filter>
		</ClInclude>
		<ClInclude Include="..\..\..\addons\ofxImGui\src\LinkedList.hpp">
			<Filter>addons\ofxImGui\src</Filter>
		</ClInclude>
		<ClInclude Include="..\..\..\addons\ofxImGui\src\ofxImGui.h">
			<Filter>addons\ofxImGui\src</Filter>
		</ClInclude>
		<ClInclude Include="..\..\..\addons\ofxImGui\src\ofxImGuiConstants.h">
			<Filter>addons\ofxImGui\src</Filter>
		</ClInclude>
		<ClInclude Include="..\..\..\addons\ofxImGui\src\ofxImGuiLoggerChannel.h">
			<Filter>addons\ofxImGui\src</Filter>
		</ClInclude>
		<ClInclude Include="..\..\..\addons\ofxImGui\libs\imgui\backends\imgui_impl_glfw.h">
			<Filter>addons\ofxImGui\libs\imgui\backends</Filter>
		</ClInclude>
		<ClInclude Include="..\..\..\addons\ofxImGui\libs\imgui\backends\imgui_impl_glfw_context_support.h">
			<Filter>addons\ofxImGui\libs\imgui\backends</Filter>
		</ClInclude>
		<ClInclude Include="..\..\..\addons\ofxImGui\libs\imgui\backends\imgui_impl_opengl2.h">
			<Filter>addons\ofxImGui\libs\imgui\backends</Filter>
		</ClInclude>
		<ClInclude Include="..\..\..\addons\ofxImGui\libs\imgui\backends\imgui_impl_opengl3.h">
			<Filter>addons\ofxImGui\libs\imgui\backends</Filter>
		</ClInclude>
		<ClInclude Include="..\..\..\addons\ofxImGui\libs\imgui\backends\imgui_impl_opengl3_loader.h">
			<Filter>addons\ofxImGui\libs\imgui\backends</Filter>
		</ClInclude>
		<ClInclude Include="..\..\..\addons\ofxImGui\libs\imgui\extras\imgui_stdlib.h">
			<Filter>addons\ofxImGui\libs\imgui\extras</Filter>
		</ClInclude>
		<ClInclude Include="..\..\..\addons\ofxImGui\libs\imgui\src\imgui.h">
			<Filter>addons\ofxImGui\libs\imgui\src</Filter>
		</ClInclude>
		<ClInclude Include="..\..\..\addons\ofxImGui\libs\imgui\src\imgui_internal.h">
			<Filter>addons\ofxImGui\libs\imgui\src</Filter>
		</ClInclude>
		<ClInclude Include="..\..\..\addons\ofxImGui\libs\imgui\src\imstb_rectpack.h">
			<Filter>addons\ofxImGui\libs\imgui\src</Filter>
		</ClInclude>
		<ClInclude Include="..\..\..\addons\ofxImGui\libs\imgui\src\imstb_textedit.h">
			<Filter>addons\ofxImGui\libs\imgui\src</Filter>
		</ClInclude>
		<ClInclude Include="..\..\..\addons\ofxImGui\libs\imgui\src\imstb_truetype.h">
			<Filter>addons\ofxImGui\libs\imgui\src</Filter>
		</ClInclude>
	</ItemGroup>
	<ItemGroup>
		<ResourceCompile Include="icon.rc" />
	</ItemGroup>
</Project>
